// !$*UTF8*$!
{
	archiveVersion = 1;
	classes = {
	};
	objectVersion = 56;
	objects = {

/* Begin PBXBuildFile section */
		7A21D40E2CECE87D00D0A5FA /* Assets.xcassets in Resources */ = {isa = PBXBuildFile; fileRef = 7A7BA8692CEC969800A0E525 /* Assets.xcassets */; };
		7A3B9F122CECB8B700B3B657 /* Buyer.swift in Sources */ = {isa = PBXBuildFile; fileRef = 7A3B9F112CECB8B700B3B657 /* Buyer.swift */; };
		7A3B9F142CECB9A800B3B657 /* Farmer.swift in Sources */ = {isa = PBXBuildFile; fileRef = 7A3B9F132CECB9A800B3B657 /* Farmer.swift */; };
		7A3B9F172CECBA9500B3B657 /* LoginView.swift in Sources */ = {isa = PBXBuildFile; fileRef = 7A3B9F162CECBA9500B3B657 /* LoginView.swift */; };
		7A3B9F192CECC07200B3B657 /* BuyerRegistrationView.swift in Sources */ = {isa = PBXBuildFile; fileRef = 7A3B9F182CECC07200B3B657 /* BuyerRegistrationView.swift */; };
		7A3B9F1B2CECC40200B3B657 /* RegistrationSelectionView.swift in Sources */ = {isa = PBXBuildFile; fileRef = 7A3B9F1A2CECC40200B3B657 /* RegistrationSelectionView.swift */; };
		7A3B9F1D2CECC43500B3B657 /* FarmerRegistrationView.swift in Sources */ = {isa = PBXBuildFile; fileRef = 7A3B9F1C2CECC43500B3B657 /* FarmerRegistrationView.swift */; };
		7A3B9F202CECDAA300B3B657 /* FarmerDashboardView.swift in Sources */ = {isa = PBXBuildFile; fileRef = 7A3B9F1F2CECDAA300B3B657 /* FarmerDashboardView.swift */; };
		7A3B9F222CECDABC00B3B657 /* AddProductView.swift in Sources */ = {isa = PBXBuildFile; fileRef = 7A3B9F212CECDABC00B3B657 /* AddProductView.swift */; };
		7A3B9F242CECDB6300B3B657 /* Product.swift in Sources */ = {isa = PBXBuildFile; fileRef = 7A3B9F232CECDB6300B3B657 /* Product.swift */; };
		7A3B9F262CECDC4A00B3B657 /* Notification.swift in Sources */ = {isa = PBXBuildFile; fileRef = 7A3B9F252CECDC4A00B3B657 /* Notification.swift */; };
		7A3B9F282CECDCF100B3B657 /* EditProductView.swift in Sources */ = {isa = PBXBuildFile; fileRef = 7A3B9F272CECDCF100B3B657 /* EditProductView.swift */; };
		7A3B9F2A2CECDF9300B3B657 /* Role.swift in Sources */ = {isa = PBXBuildFile; fileRef = 7A3B9F292CECDF9300B3B657 /* Role.swift */; };
		7A7BA8662CEC969700A0E525 /* Farmers_MarketApp.swift in Sources */ = {isa = PBXBuildFile; fileRef = 7A7BA8652CEC969700A0E525 /* Farmers_MarketApp.swift */; };
		7A7BA8682CEC969700A0E525 /* TabsView.swift in Sources */ = {isa = PBXBuildFile; fileRef = 7A7BA8672CEC969700A0E525 /* TabsView.swift */; };
		7A7BA86D2CEC969800A0E525 /* Preview Assets.xcassets in Resources */ = {isa = PBXBuildFile; fileRef = 7A7BA86C2CEC969800A0E525 /* Preview Assets.xcassets */; };
		7A7BA8772CECA34D00A0E525 /* HomeView.swift in Sources */ = {isa = PBXBuildFile; fileRef = 7A7BA8762CECA34D00A0E525 /* HomeView.swift */; };
		7A7BA87D2CECA36F00A0E525 /* OrdersView.swift in Sources */ = {isa = PBXBuildFile; fileRef = 7A7BA87C2CECA36F00A0E525 /* OrdersView.swift */; };
		7A7BA87F2CECA37900A0E525 /* AccountView.swift in Sources */ = {isa = PBXBuildFile; fileRef = 7A7BA87E2CECA37900A0E525 /* AccountView.swift */; };
		7A7F5CC72CFCB84A002746CA /* APIcaller.swift in Sources */ = {isa = PBXBuildFile; fileRef = 7A7F5CC62CFCB84A002746CA /* APIcaller.swift */; };
		7A7F5CCA2CFCB92F002746CA /* Alamofire in Frameworks */ = {isa = PBXBuildFile; productRef = 7A7F5CC92CFCB92F002746CA /* Alamofire */; };
		7A7F5CCC2CFCB92F002746CA /* AlamofireDynamic in Frameworks */ = {isa = PBXBuildFile; productRef = 7A7F5CCB2CFCB92F002746CA /* AlamofireDynamic */; };
		7A7F5CCF2CFCCB56002746CA /* ProductDetailView.swift in Sources */ = {isa = PBXBuildFile; fileRef = 7A7F5CCE2CFCCB56002746CA /* ProductDetailView.swift */; };
		7A7F5CD12CFCD2C3002746CA /* ProductCard.swift in Sources */ = {isa = PBXBuildFile; fileRef = 7A7F5CD02CFCD2C3002746CA /* ProductCard.swift */; };
		7A7F5CD32CFCD2D5002746CA /* CategoryCard.swift in Sources */ = {isa = PBXBuildFile; fileRef = 7A7F5CD22CFCD2D5002746CA /* CategoryCard.swift */; };
		7A7F5CD52CFCDC10002746CA /* CartService.swift in Sources */ = {isa = PBXBuildFile; fileRef = 7A7F5CD42CFCDC10002746CA /* CartService.swift */; };
		7A7F5CDA2CFCDEDE002746CA /* CartView.swift in Sources */ = {isa = PBXBuildFile; fileRef = 7A7F5CD92CFCDEDE002746CA /* CartView.swift */; };
		7A7F5CDC2CFCE45B002746CA /* CartItemView.swift in Sources */ = {isa = PBXBuildFile; fileRef = 7A7F5CDB2CFCE45B002746CA /* CartItemView.swift */; };
/* End PBXBuildFile section */

/* Begin PBXFileReference section */
		7A3B9F112CECB8B700B3B657 /* Buyer.swift */ = {isa = PBXFileReference; lastKnownFileType = sourcecode.swift; path = Buyer.swift; sourceTree = "<group>"; };
		7A3B9F132CECB9A800B3B657 /* Farmer.swift */ = {isa = PBXFileReference; lastKnownFileType = sourcecode.swift; path = Farmer.swift; sourceTree = "<group>"; };
		7A3B9F162CECBA9500B3B657 /* LoginView.swift */ = {isa = PBXFileReference; lastKnownFileType = sourcecode.swift; path = LoginView.swift; sourceTree = "<group>"; };
		7A3B9F182CECC07200B3B657 /* BuyerRegistrationView.swift */ = {isa = PBXFileReference; lastKnownFileType = sourcecode.swift; path = BuyerRegistrationView.swift; sourceTree = "<group>"; };
		7A3B9F1A2CECC40200B3B657 /* RegistrationSelectionView.swift */ = {isa = PBXFileReference; lastKnownFileType = sourcecode.swift; path = RegistrationSelectionView.swift; sourceTree = "<group>"; };
		7A3B9F1C2CECC43500B3B657 /* FarmerRegistrationView.swift */ = {isa = PBXFileReference; lastKnownFileType = sourcecode.swift; path = FarmerRegistrationView.swift; sourceTree = "<group>"; };
		7A3B9F1F2CECDAA300B3B657 /* FarmerDashboardView.swift */ = {isa = PBXFileReference; lastKnownFileType = sourcecode.swift; path = FarmerDashboardView.swift; sourceTree = "<group>"; };
		7A3B9F212CECDABC00B3B657 /* AddProductView.swift */ = {isa = PBXFileReference; lastKnownFileType = sourcecode.swift; path = AddProductView.swift; sourceTree = "<group>"; };
		7A3B9F232CECDB6300B3B657 /* Product.swift */ = {isa = PBXFileReference; lastKnownFileType = sourcecode.swift; path = Product.swift; sourceTree = "<group>"; };
		7A3B9F252CECDC4A00B3B657 /* Notification.swift */ = {isa = PBXFileReference; lastKnownFileType = sourcecode.swift; path = Notification.swift; sourceTree = "<group>"; };
		7A3B9F272CECDCF100B3B657 /* EditProductView.swift */ = {isa = PBXFileReference; lastKnownFileType = sourcecode.swift; path = EditProductView.swift; sourceTree = "<group>"; };
		7A3B9F292CECDF9300B3B657 /* Role.swift */ = {isa = PBXFileReference; lastKnownFileType = sourcecode.swift; path = Role.swift; sourceTree = "<group>"; };
		7A7BA8622CEC969700A0E525 /* Farmers-Market.app */ = {isa = PBXFileReference; explicitFileType = wrapper.application; includeInIndex = 0; path = "Farmers-Market.app"; sourceTree = BUILT_PRODUCTS_DIR; };
		7A7BA8652CEC969700A0E525 /* Farmers_MarketApp.swift */ = {isa = PBXFileReference; lastKnownFileType = sourcecode.swift; path = Farmers_MarketApp.swift; sourceTree = "<group>"; };
		7A7BA8672CEC969700A0E525 /* TabsView.swift */ = {isa = PBXFileReference; lastKnownFileType = sourcecode.swift; path = TabsView.swift; sourceTree = "<group>"; };
		7A7BA8692CEC969800A0E525 /* Assets.xcassets */ = {isa = PBXFileReference; lastKnownFileType = folder.assetcatalog; path = Assets.xcassets; sourceTree = "<group>"; };
		7A7BA86C2CEC969800A0E525 /* Preview Assets.xcassets */ = {isa = PBXFileReference; lastKnownFileType = folder.assetcatalog; path = "Preview Assets.xcassets"; sourceTree = "<group>"; };
		7A7BA8762CECA34D00A0E525 /* HomeView.swift */ = {isa = PBXFileReference; lastKnownFileType = sourcecode.swift; path = HomeView.swift; sourceTree = "<group>"; };
		7A7BA87C2CECA36F00A0E525 /* OrdersView.swift */ = {isa = PBXFileReference; lastKnownFileType = sourcecode.swift; path = OrdersView.swift; sourceTree = "<group>"; };
		7A7BA87E2CECA37900A0E525 /* AccountView.swift */ = {isa = PBXFileReference; lastKnownFileType = sourcecode.swift; path = AccountView.swift; sourceTree = "<group>"; };
		7A7F5CC62CFCB84A002746CA /* APIcaller.swift */ = {isa = PBXFileReference; lastKnownFileType = sourcecode.swift; path = APIcaller.swift; sourceTree = "<group>"; };
		7A7F5CCE2CFCCB56002746CA /* ProductDetailView.swift */ = {isa = PBXFileReference; lastKnownFileType = sourcecode.swift; path = ProductDetailView.swift; sourceTree = "<group>"; };
		7A7F5CD02CFCD2C3002746CA /* ProductCard.swift */ = {isa = PBXFileReference; lastKnownFileType = sourcecode.swift; path = ProductCard.swift; sourceTree = "<group>"; };
		7A7F5CD22CFCD2D5002746CA /* CategoryCard.swift */ = {isa = PBXFileReference; lastKnownFileType = sourcecode.swift; path = CategoryCard.swift; sourceTree = "<group>"; };
		7A7F5CD42CFCDC10002746CA /* CartService.swift */ = {isa = PBXFileReference; lastKnownFileType = sourcecode.swift; path = CartService.swift; sourceTree = "<group>"; };
		7A7F5CD92CFCDEDE002746CA /* CartView.swift */ = {isa = PBXFileReference; lastKnownFileType = sourcecode.swift; path = CartView.swift; sourceTree = "<group>"; };
		7A7F5CDB2CFCE45B002746CA /* CartItemView.swift */ = {isa = PBXFileReference; lastKnownFileType = sourcecode.swift; path = CartItemView.swift; sourceTree = "<group>"; };
/* End PBXFileReference section */

/* Begin PBXFrameworksBuildPhase section */
		7A7BA85F2CEC969700A0E525 /* Frameworks */ = {
			isa = PBXFrameworksBuildPhase;
			buildActionMask = 2147483647;
			files = (
				7A7F5CCA2CFCB92F002746CA /* Alamofire in Frameworks */,
				7A7F5CCC2CFCB92F002746CA /* AlamofireDynamic in Frameworks */,
			);
			runOnlyForDeploymentPostprocessing = 0;
		};
/* End PBXFrameworksBuildPhase section */

/* Begin PBXGroup section */
		7A3B9F0F2CECB88A00B3B657 /* Roles */ = {
			isa = PBXGroup;
			children = (
				7A3B9F112CECB8B700B3B657 /* Buyer.swift */,
				7A3B9F132CECB9A800B3B657 /* Farmer.swift */,
			);
			path = Roles;
			sourceTree = "<group>";
		};
		7A3B9F102CECB89100B3B657 /* Models */ = {
			isa = PBXGroup;
			children = (
				7A3B9F232CECDB6300B3B657 /* Product.swift */,
				7A3B9F252CECDC4A00B3B657 /* Notification.swift */,
				7A3B9F292CECDF9300B3B657 /* Role.swift */,
			);
			path = Models;
			sourceTree = "<group>";
		};
		7A3B9F152CECBA7C00B3B657 /* Authentication */ = {
			isa = PBXGroup;
			children = (
				7A3B9F162CECBA9500B3B657 /* LoginView.swift */,
				7A3B9F1A2CECC40200B3B657 /* RegistrationSelectionView.swift */,
				7A3B9F182CECC07200B3B657 /* BuyerRegistrationView.swift */,
				7A3B9F1C2CECC43500B3B657 /* FarmerRegistrationView.swift */,
			);
			path = Authentication;
			sourceTree = "<group>";
		};
		7A3B9F1E2CECD9A200B3B657 /* FarmerViews */ = {
			isa = PBXGroup;
			children = (
				7A3B9F1F2CECDAA300B3B657 /* FarmerDashboardView.swift */,
				7A3B9F212CECDABC00B3B657 /* AddProductView.swift */,
				7A3B9F272CECDCF100B3B657 /* EditProductView.swift */,
			);
			path = FarmerViews;
			sourceTree = "<group>";
		};
		7A7BA8592CEC969700A0E525 = {
			isa = PBXGroup;
			children = (
				7A7BA8642CEC969700A0E525 /* Farmers-Market */,
				7A7BA8632CEC969700A0E525 /* Products */,
			);
			sourceTree = "<group>";
		};
		7A7BA8632CEC969700A0E525 /* Products */ = {
			isa = PBXGroup;
			children = (
				7A7BA8622CEC969700A0E525 /* Farmers-Market.app */,
			);
			name = Products;
			sourceTree = "<group>";
		};
		7A7BA8642CEC969700A0E525 /* Farmers-Market */ = {
			isa = PBXGroup;
			children = (
				7A7BA8652CEC969700A0E525 /* Farmers_MarketApp.swift */,
				7A7BA8672CEC969700A0E525 /* TabsView.swift */,
				7A7F5CC52CFCB83C002746CA /* Helpers */,
				7A3B9F1E2CECD9A200B3B657 /* FarmerViews */,
				7A7F5CD62CFCDCCE002746CA /* Tabs */,
				7A7BA8732CECA21100A0E525 /* BuyerViews */,
				7A3B9F152CECBA7C00B3B657 /* Authentication */,
				7A7F5CCD2CFCCB21002746CA /* Views */,
				7A3B9F102CECB89100B3B657 /* Models */,
				7A3B9F0F2CECB88A00B3B657 /* Roles */,
				7A7BA8692CEC969800A0E525 /* Assets.xcassets */,
				7A7BA86B2CEC969800A0E525 /* Preview Content */,
			);
			path = "Farmers-Market";
			sourceTree = "<group>";
		};
		7A7BA86B2CEC969800A0E525 /* Preview Content */ = {
			isa = PBXGroup;
			children = (
				7A7BA86C2CEC969800A0E525 /* Preview Assets.xcassets */,
			);
			path = "Preview Content";
			sourceTree = "<group>";
		};
		7A7BA8732CECA21100A0E525 /* BuyerViews */ = {
			isa = PBXGroup;
			children = (
				7A7F5CD02CFCD2C3002746CA /* ProductCard.swift */,
				7A7F5CD22CFCD2D5002746CA /* CategoryCard.swift */,
				7A7F5CDB2CFCE45B002746CA /* CartItemView.swift */,
			);
			path = BuyerViews;
			sourceTree = "<group>";
		};
		7A7F5CC52CFCB83C002746CA /* Helpers */ = {
			isa = PBXGroup;
			children = (
				7A7F5CC62CFCB84A002746CA /* APIcaller.swift */,
				7A7F5CD42CFCDC10002746CA /* CartService.swift */,
			);
			path = Helpers;
			sourceTree = "<group>";
		};
		7A7F5CCD2CFCCB21002746CA /* Views */ = {
			isa = PBXGroup;
			children = (
				7A7F5CCE2CFCCB56002746CA /* ProductDetailView.swift */,
			);
			path = Views;
			sourceTree = "<group>";
		};
		7A7F5CD62CFCDCCE002746CA /* Tabs */ = {
			isa = PBXGroup;
			children = (
				7A7BA8762CECA34D00A0E525 /* HomeView.swift */,
				7A7BA87C2CECA36F00A0E525 /* OrdersView.swift */,
				7A7BA87E2CECA37900A0E525 /* AccountView.swift */,
				7A7F5CD92CFCDEDE002746CA /* CartView.swift */,
			);
			path = Tabs;
			sourceTree = "<group>";
		};
/* End PBXGroup section */

/* Begin PBXNativeTarget section */
		7A7BA8612CEC969700A0E525 /* Farmers-Market */ = {
			isa = PBXNativeTarget;
			buildConfigurationList = 7A7BA8702CEC969800A0E525 /* Build configuration list for PBXNativeTarget "Farmers-Market" */;
			buildPhases = (
				7A7BA85E2CEC969700A0E525 /* Sources */,
				7A7BA85F2CEC969700A0E525 /* Frameworks */,
				7A7BA8602CEC969700A0E525 /* Resources */,
			);
			buildRules = (
			);
			dependencies = (
			);
			name = "Farmers-Market";
			packageProductDependencies = (
				7A7F5CC92CFCB92F002746CA /* Alamofire */,
				7A7F5CCB2CFCB92F002746CA /* AlamofireDynamic */,
			);
			productName = "Farmers-Market";
			productReference = 7A7BA8622CEC969700A0E525 /* Farmers-Market.app */;
			productType = "com.apple.product-type.application";
		};
/* End PBXNativeTarget section */

/* Begin PBXProject section */
		7A7BA85A2CEC969700A0E525 /* Project object */ = {
			isa = PBXProject;
			attributes = {
				BuildIndependentTargetsInParallel = 1;
				LastSwiftUpdateCheck = 1520;
				LastUpgradeCheck = 1520;
				TargetAttributes = {
					7A7BA8612CEC969700A0E525 = {
						CreatedOnToolsVersion = 15.2;
					};
				};
			};
			buildConfigurationList = 7A7BA85D2CEC969700A0E525 /* Build configuration list for PBXProject "Farmers-Market" */;
			compatibilityVersion = "Xcode 14.0";
			developmentRegion = en;
			hasScannedForEncodings = 0;
			knownRegions = (
				en,
				Base,
			);
			mainGroup = 7A7BA8592CEC969700A0E525;
			packageReferences = (
				7A7F5CC82CFCB92F002746CA /* XCRemoteSwiftPackageReference "Alamofire" */,
			);
			productRefGroup = 7A7BA8632CEC969700A0E525 /* Products */;
			projectDirPath = "";
			projectRoot = "";
			targets = (
				7A7BA8612CEC969700A0E525 /* Farmers-Market */,
			);
		};
/* End PBXProject section */

/* Begin PBXResourcesBuildPhase section */
		7A7BA8602CEC969700A0E525 /* Resources */ = {
			isa = PBXResourcesBuildPhase;
			buildActionMask = 2147483647;
			files = (
				7A21D40E2CECE87D00D0A5FA /* Assets.xcassets in Resources */,
				7A7BA86D2CEC969800A0E525 /* Preview Assets.xcassets in Resources */,
			);
			runOnlyForDeploymentPostprocessing = 0;
		};
/* End PBXResourcesBuildPhase section */

/* Begin PBXSourcesBuildPhase section */
		7A7BA85E2CEC969700A0E525 /* Sources */ = {
			isa = PBXSourcesBuildPhase;
			buildActionMask = 2147483647;
			files = (
				7A3B9F192CECC07200B3B657 /* BuyerRegistrationView.swift in Sources */,
				7A3B9F1D2CECC43500B3B657 /* FarmerRegistrationView.swift in Sources */,
				7A3B9F2A2CECDF9300B3B657 /* Role.swift in Sources */,
				7A3B9F1B2CECC40200B3B657 /* RegistrationSelectionView.swift in Sources */,
				7A7BA8772CECA34D00A0E525 /* HomeView.swift in Sources */,
				7A7F5CDA2CFCDEDE002746CA /* CartView.swift in Sources */,
				7A3B9F202CECDAA300B3B657 /* FarmerDashboardView.swift in Sources */,
				7A7F5CCF2CFCCB56002746CA /* ProductDetailView.swift in Sources */,
				7A7BA8682CEC969700A0E525 /* TabsView.swift in Sources */,
				7A7F5CDC2CFCE45B002746CA /* CartItemView.swift in Sources */,
				7A7BA87F2CECA37900A0E525 /* AccountView.swift in Sources */,
				7A3B9F242CECDB6300B3B657 /* Product.swift in Sources */,
				7A7F5CC72CFCB84A002746CA /* APIcaller.swift in Sources */,
				7A3B9F222CECDABC00B3B657 /* AddProductView.swift in Sources */,
				7A3B9F122CECB8B700B3B657 /* Buyer.swift in Sources */,
				7A7F5CD52CFCDC10002746CA /* CartService.swift in Sources */,
				7A3B9F282CECDCF100B3B657 /* EditProductView.swift in Sources */,
				7A7BA8662CEC969700A0E525 /* Farmers_MarketApp.swift in Sources */,
				7A3B9F142CECB9A800B3B657 /* Farmer.swift in Sources */,
				7A7F5CD32CFCD2D5002746CA /* CategoryCard.swift in Sources */,
				7A3B9F172CECBA9500B3B657 /* LoginView.swift in Sources */,
				7A7BA87D2CECA36F00A0E525 /* OrdersView.swift in Sources */,
				7A3B9F262CECDC4A00B3B657 /* Notification.swift in Sources */,
				7A7F5CD12CFCD2C3002746CA /* ProductCard.swift in Sources */,
			);
			runOnlyForDeploymentPostprocessing = 0;
		};
/* End PBXSourcesBuildPhase section */

/* Begin XCBuildConfiguration section */
		7A7BA86E2CEC969800A0E525 /* Debug */ = {
			isa = XCBuildConfiguration;
			buildSettings = {
				ALWAYS_SEARCH_USER_PATHS = NO;
				ASSETCATALOG_COMPILER_GENERATE_SWIFT_ASSET_SYMBOL_EXTENSIONS = YES;
				CLANG_ANALYZER_NONNULL = YES;
				CLANG_ANALYZER_NUMBER_OBJECT_CONVERSION = YES_AGGRESSIVE;
				CLANG_CXX_LANGUAGE_STANDARD = "gnu++20";
				CLANG_ENABLE_MODULES = YES;
				CLANG_ENABLE_OBJC_ARC = YES;
				CLANG_ENABLE_OBJC_WEAK = YES;
				CLANG_WARN_BLOCK_CAPTURE_AUTORELEASING = YES;
				CLANG_WARN_BOOL_CONVERSION = YES;
				CLANG_WARN_COMMA = YES;
				CLANG_WARN_CONSTANT_CONVERSION = YES;
				CLANG_WARN_DEPRECATED_OBJC_IMPLEMENTATIONS = YES;
				CLANG_WARN_DIRECT_OBJC_ISA_USAGE = YES_ERROR;
				CLANG_WARN_DOCUMENTATION_COMMENTS = YES;
				CLANG_WARN_EMPTY_BODY = YES;
				CLANG_WARN_ENUM_CONVERSION = YES;
				CLANG_WARN_INFINITE_RECURSION = YES;
				CLANG_WARN_INT_CONVERSION = YES;
				CLANG_WARN_NON_LITERAL_NULL_CONVERSION = YES;
				CLANG_WARN_OBJC_IMPLICIT_RETAIN_SELF = YES;
				CLANG_WARN_OBJC_LITERAL_CONVERSION = YES;
				CLANG_WARN_OBJC_ROOT_CLASS = YES_ERROR;
				CLANG_WARN_QUOTED_INCLUDE_IN_FRAMEWORK_HEADER = YES;
				CLANG_WARN_RANGE_LOOP_ANALYSIS = YES;
				CLANG_WARN_STRICT_PROTOTYPES = YES;
				CLANG_WARN_SUSPICIOUS_MOVE = YES;
				CLANG_WARN_UNGUARDED_AVAILABILITY = YES_AGGRESSIVE;
				CLANG_WARN_UNREACHABLE_CODE = YES;
				CLANG_WARN__DUPLICATE_METHOD_MATCH = YES;
				COPY_PHASE_STRIP = NO;
				DEBUG_INFORMATION_FORMAT = dwarf;
				ENABLE_STRICT_OBJC_MSGSEND = YES;
				ENABLE_TESTABILITY = YES;
				ENABLE_USER_SCRIPT_SANDBOXING = YES;
				GCC_C_LANGUAGE_STANDARD = gnu17;
				GCC_DYNAMIC_NO_PIC = NO;
				GCC_NO_COMMON_BLOCKS = YES;
				GCC_OPTIMIZATION_LEVEL = 0;
				GCC_PREPROCESSOR_DEFINITIONS = (
					"DEBUG=1",
					"$(inherited)",
				);
				GCC_WARN_64_TO_32_BIT_CONVERSION = YES;
				GCC_WARN_ABOUT_RETURN_TYPE = YES_ERROR;
				GCC_WARN_UNDECLARED_SELECTOR = YES;
				GCC_WARN_UNINITIALIZED_AUTOS = YES_AGGRESSIVE;
				GCC_WARN_UNUSED_FUNCTION = YES;
				GCC_WARN_UNUSED_VARIABLE = YES;
				IPHONEOS_DEPLOYMENT_TARGET = 17.2;
				LOCALIZATION_PREFERS_STRING_CATALOGS = YES;
				MTL_ENABLE_DEBUG_INFO = INCLUDE_SOURCE;
				MTL_FAST_MATH = YES;
				ONLY_ACTIVE_ARCH = YES;
				SDKROOT = iphoneos;
				SWIFT_ACTIVE_COMPILATION_CONDITIONS = "DEBUG $(inherited)";
				SWIFT_OPTIMIZATION_LEVEL = "-Onone";
			};
			name = Debug;
		};
		7A7BA86F2CEC969800A0E525 /* Release */ = {
			isa = XCBuildConfiguration;
			buildSettings = {
				ALWAYS_SEARCH_USER_PATHS = NO;
				ASSETCATALOG_COMPILER_GENERATE_SWIFT_ASSET_SYMBOL_EXTENSIONS = YES;
				CLANG_ANALYZER_NONNULL = YES;
				CLANG_ANALYZER_NUMBER_OBJECT_CONVERSION = YES_AGGRESSIVE;
				CLANG_CXX_LANGUAGE_STANDARD = "gnu++20";
				CLANG_ENABLE_MODULES = YES;
				CLANG_ENABLE_OBJC_ARC = YES;
				CLANG_ENABLE_OBJC_WEAK = YES;
				CLANG_WARN_BLOCK_CAPTURE_AUTORELEASING = YES;
				CLANG_WARN_BOOL_CONVERSION = YES;
				CLANG_WARN_COMMA = YES;
				CLANG_WARN_CONSTANT_CONVERSION = YES;
				CLANG_WARN_DEPRECATED_OBJC_IMPLEMENTATIONS = YES;
				CLANG_WARN_DIRECT_OBJC_ISA_USAGE = YES_ERROR;
				CLANG_WARN_DOCUMENTATION_COMMENTS = YES;
				CLANG_WARN_EMPTY_BODY = YES;
				CLANG_WARN_ENUM_CONVERSION = YES;
				CLANG_WARN_INFINITE_RECURSION = YES;
				CLANG_WARN_INT_CONVERSION = YES;
				CLANG_WARN_NON_LITERAL_NULL_CONVERSION = YES;
				CLANG_WARN_OBJC_IMPLICIT_RETAIN_SELF = YES;
				CLANG_WARN_OBJC_LITERAL_CONVERSION = YES;
				CLANG_WARN_OBJC_ROOT_CLASS = YES_ERROR;
				CLANG_WARN_QUOTED_INCLUDE_IN_FRAMEWORK_HEADER = YES;
				CLANG_WARN_RANGE_LOOP_ANALYSIS = YES;
				CLANG_WARN_STRICT_PROTOTYPES = YES;
				CLANG_WARN_SUSPICIOUS_MOVE = YES;
				CLANG_WARN_UNGUARDED_AVAILABILITY = YES_AGGRESSIVE;
				CLANG_WARN_UNREACHABLE_CODE = YES;
				CLANG_WARN__DUPLICATE_METHOD_MATCH = YES;
				COPY_PHASE_STRIP = NO;
				DEBUG_INFORMATION_FORMAT = "dwarf-with-dsym";
				ENABLE_NS_ASSERTIONS = NO;
				ENABLE_STRICT_OBJC_MSGSEND = YES;
				ENABLE_USER_SCRIPT_SANDBOXING = YES;
				GCC_C_LANGUAGE_STANDARD = gnu17;
				GCC_NO_COMMON_BLOCKS = YES;
				GCC_WARN_64_TO_32_BIT_CONVERSION = YES;
				GCC_WARN_ABOUT_RETURN_TYPE = YES_ERROR;
				GCC_WARN_UNDECLARED_SELECTOR = YES;
				GCC_WARN_UNINITIALIZED_AUTOS = YES_AGGRESSIVE;
				GCC_WARN_UNUSED_FUNCTION = YES;
				GCC_WARN_UNUSED_VARIABLE = YES;
				IPHONEOS_DEPLOYMENT_TARGET = 17.2;
				LOCALIZATION_PREFERS_STRING_CATALOGS = YES;
				MTL_ENABLE_DEBUG_INFO = NO;
				MTL_FAST_MATH = YES;
				SDKROOT = iphoneos;
				SWIFT_COMPILATION_MODE = wholemodule;
				VALIDATE_PRODUCT = YES;
			};
			name = Release;
		};
		7A7BA8712CEC969800A0E525 /* Debug */ = {
			isa = XCBuildConfiguration;
			buildSettings = {
				ASSETCATALOG_COMPILER_APPICON_NAME = AppIcon;
				ASSETCATALOG_COMPILER_GLOBAL_ACCENT_COLOR_NAME = AccentColor;
				CODE_SIGN_STYLE = Automatic;
				CURRENT_PROJECT_VERSION = 1;
				DEVELOPMENT_ASSET_PATHS = "\"Farmers-Market/Preview Content\"";
				DEVELOPMENT_TEAM = A6SAQ5UGJF;
				ENABLE_PREVIEWS = YES;
				GENERATE_INFOPLIST_FILE = YES;
				INFOPLIST_KEY_UIApplicationSceneManifest_Generation = YES;
				INFOPLIST_KEY_UIApplicationSupportsIndirectInputEvents = YES;
				INFOPLIST_KEY_UILaunchScreen_Generation = YES;
				INFOPLIST_KEY_UISupportedInterfaceOrientations_iPad = "UIInterfaceOrientationPortrait UIInterfaceOrientationPortraitUpsideDown UIInterfaceOrientationLandscapeLeft UIInterfaceOrientationLandscapeRight";
				INFOPLIST_KEY_UISupportedInterfaceOrientations_iPhone = "UIInterfaceOrientationPortrait UIInterfaceOrientationLandscapeLeft UIInterfaceOrientationLandscapeRight";
				LD_RUNPATH_SEARCH_PATHS = (
					"$(inherited)",
					"@executable_path/Frameworks",
				);
				MARKETING_VERSION = 1.0;
				PRODUCT_BUNDLE_IDENTIFIER = "Alikhan.Farmers-Market";
				PRODUCT_NAME = "$(TARGET_NAME)";
				SWIFT_EMIT_LOC_STRINGS = YES;
				SWIFT_VERSION = 5.0;
				TARGETED_DEVICE_FAMILY = "1,2";
			};
			name = Debug;
		};
		7A7BA8722CEC969800A0E525 /* Release */ = {
			isa = XCBuildConfiguration;
			buildSettings = {
				ASSETCATALOG_COMPILER_APPICON_NAME = AppIcon;
				ASSETCATALOG_COMPILER_GLOBAL_ACCENT_COLOR_NAME = AccentColor;
				CODE_SIGN_STYLE = Automatic;
				CURRENT_PROJECT_VERSION = 1;
				DEVELOPMENT_ASSET_PATHS = "\"Farmers-Market/Preview Content\"";
				DEVELOPMENT_TEAM = A6SAQ5UGJF;
				ENABLE_PREVIEWS = YES;
				GENERATE_INFOPLIST_FILE = YES;
				INFOPLIST_KEY_UIApplicationSceneManifest_Generation = YES;
				INFOPLIST_KEY_UIApplicationSupportsIndirectInputEvents = YES;
				INFOPLIST_KEY_UILaunchScreen_Generation = YES;
				INFOPLIST_KEY_UISupportedInterfaceOrientations_iPad = "UIInterfaceOrientationPortrait UIInterfaceOrientationPortraitUpsideDown UIInterfaceOrientationLandscapeLeft UIInterfaceOrientationLandscapeRight";
				INFOPLIST_KEY_UISupportedInterfaceOrientations_iPhone = "UIInterfaceOrientationPortrait UIInterfaceOrientationLandscapeLeft UIInterfaceOrientationLandscapeRight";
				LD_RUNPATH_SEARCH_PATHS = (
					"$(inherited)",
					"@executable_path/Frameworks",
				);
				MARKETING_VERSION = 1.0;
				PRODUCT_BUNDLE_IDENTIFIER = "Alikhan.Farmers-Market";
				PRODUCT_NAME = "$(TARGET_NAME)";
				SWIFT_EMIT_LOC_STRINGS = YES;
				SWIFT_VERSION = 5.0;
				TARGETED_DEVICE_FAMILY = "1,2";
			};
			name = Release;
		};
/* End XCBuildConfiguration section */

/* Begin XCConfigurationList section */
		7A7BA85D2CEC969700A0E525 /* Build configuration list for PBXProject "Farmers-Market" */ = {
			isa = XCConfigurationList;
			buildConfigurations = (
				7A7BA86E2CEC969800A0E525 /* Debug */,
				7A7BA86F2CEC969800A0E525 /* Release */,
			);
			defaultConfigurationIsVisible = 0;
			defaultConfigurationName = Release;
		};
		7A7BA8702CEC969800A0E525 /* Build configuration list for PBXNativeTarget "Farmers-Market" */ = {
			isa = XCConfigurationList;
			buildConfigurations = (
				7A7BA8712CEC969800A0E525 /* Debug */,
				7A7BA8722CEC969800A0E525 /* Release */,
			);
			defaultConfigurationIsVisible = 0;
			defaultConfigurationName = Release;
		};
/* End XCConfigurationList section */

/* Begin XCRemoteSwiftPackageReference section */
		7A7F5CC82CFCB92F002746CA /* XCRemoteSwiftPackageReference "Alamofire" */ = {
			isa = XCRemoteSwiftPackageReference;
			repositoryURL = "https://github.com/Alamofire/Alamofire.git";
			requirement = {
				kind = upToNextMajorVersion;
				minimumVersion = 5.10.2;
			};
		};
/* End XCRemoteSwiftPackageReference section */

/* Begin XCSwiftPackageProductDependency section */
		7A7F5CC92CFCB92F002746CA /* Alamofire */ = {
			isa = XCSwiftPackageProductDependency;
			package = 7A7F5CC82CFCB92F002746CA /* XCRemoteSwiftPackageReference "Alamofire" */;
			productName = Alamofire;
		};
		7A7F5CCB2CFCB92F002746CA /* AlamofireDynamic */ = {
			isa = XCSwiftPackageProductDependency;
			package = 7A7F5CC82CFCB92F002746CA /* XCRemoteSwiftPackageReference "Alamofire" */;
			productName = AlamofireDynamic;
		};
/* End XCSwiftPackageProductDependency section */
	};
	rootObject = 7A7BA85A2CEC969700A0E525 /* Project object */;
}
